// !$*UTF8*$!
{
	archiveVersion = 1;
	classes = {
	};
	objectVersion = 48;
	objects = {

/* Begin PBXBuildFile section */
		3F17BD992029866600B8E56F /* Main.storyboard in Resources */ = {isa = PBXBuildFile; fileRef = 3F17BD972029866600B8E56F /* Main.storyboard */; };
		3F17BD9B2029866600B8E56F /* Assets.xcassets in Resources */ = {isa = PBXBuildFile; fileRef = 3F17BD9A2029866600B8E56F /* Assets.xcassets */; };
		3F17BD9E2029866600B8E56F /* LaunchScreen.storyboard in Resources */ = {isa = PBXBuildFile; fileRef = 3F17BD9C2029866600B8E56F /* LaunchScreen.storyboard */; };
		3F17BDC420298A0900B8E56F /* AppDelegate.m in Sources */ = {isa = PBXBuildFile; fileRef = 3F17BDBE20298A0900B8E56F /* AppDelegate.m */; };
		3F17BDC520298A0900B8E56F /* main.m in Sources */ = {isa = PBXBuildFile; fileRef = 3F17BDBF20298A0900B8E56F /* main.m */; };
		3F17BDC820298ACA00B8E56F /* JGTabBarViewController.m in Sources */ = {isa = PBXBuildFile; fileRef = 3F17BDC720298ACA00B8E56F /* JGTabBarViewController.m */; };
		3F17BDCB20298B6A00B8E56F /* JGEssenceController.m in Sources */ = {isa = PBXBuildFile; fileRef = 3F17BDCA20298B6A00B8E56F /* JGEssenceController.m */; };
		3F17BDCE20298B7E00B8E56F /* JGFriendTrendController.m in Sources */ = {isa = PBXBuildFile; fileRef = 3F17BDCD20298B7E00B8E56F /* JGFriendTrendController.m */; };
		3F17BDD120298B9C00B8E56F /* JGMeController.m in Sources */ = {isa = PBXBuildFile; fileRef = 3F17BDD020298B9C00B8E56F /* JGMeController.m */; };
		3F17BDD420298BC100B8E56F /* JGNewController.m in Sources */ = {isa = PBXBuildFile; fileRef = 3F17BDD320298BC100B8E56F /* JGNewController.m */; };
		3F17BDD7202991F300B8E56F /* JGPubilcController.m in Sources */ = {isa = PBXBuildFile; fileRef = 3F17BDD6202991F300B8E56F /* JGPubilcController.m */; };
		3F17BDDC2029994400B8E56F /* UIImage+JGRenderImage.m in Sources */ = {isa = PBXBuildFile; fileRef = 3F17BDDB2029994400B8E56F /* UIImage+JGRenderImage.m */; };
/* End PBXBuildFile section */

/* Begin PBXFileReference section */
		3F17BD8E2029866600B8E56F /* BuDeJie.app */ = {isa = PBXFileReference; explicitFileType = wrapper.application; includeInIndex = 0; path = BuDeJie.app; sourceTree = BUILT_PRODUCTS_DIR; };
		3F17BD982029866600B8E56F /* Base */ = {isa = PBXFileReference; lastKnownFileType = file.storyboard; name = Base; path = Base.lproj/Main.storyboard; sourceTree = "<group>"; };
		3F17BD9A2029866600B8E56F /* Assets.xcassets */ = {isa = PBXFileReference; lastKnownFileType = folder.assetcatalog; path = Assets.xcassets; sourceTree = "<group>"; };
		3F17BD9D2029866600B8E56F /* Base */ = {isa = PBXFileReference; lastKnownFileType = file.storyboard; name = Base; path = Base.lproj/LaunchScreen.storyboard; sourceTree = "<group>"; };
		3F17BD9F2029866600B8E56F /* Info.plist */ = {isa = PBXFileReference; lastKnownFileType = text.plist.xml; path = Info.plist; sourceTree = "<group>"; };
		3F17BDBD20298A0900B8E56F /* AppDelegate.h */ = {isa = PBXFileReference; fileEncoding = 4; lastKnownFileType = sourcecode.c.h; path = AppDelegate.h; sourceTree = "<group>"; };
		3F17BDBE20298A0900B8E56F /* AppDelegate.m */ = {isa = PBXFileReference; fileEncoding = 4; lastKnownFileType = sourcecode.c.objc; path = AppDelegate.m; sourceTree = "<group>"; };
		3F17BDBF20298A0900B8E56F /* main.m */ = {isa = PBXFileReference; fileEncoding = 4; lastKnownFileType = sourcecode.c.objc; path = main.m; sourceTree = "<group>"; };
		3F17BDC620298ACA00B8E56F /* JGTabBarViewController.h */ = {isa = PBXFileReference; lastKnownFileType = sourcecode.c.h; path = JGTabBarViewController.h; sourceTree = "<group>"; };
		3F17BDC720298ACA00B8E56F /* JGTabBarViewController.m */ = {isa = PBXFileReference; lastKnownFileType = sourcecode.c.objc; path = JGTabBarViewController.m; sourceTree = "<group>"; };
		3F17BDC920298B6A00B8E56F /* JGEssenceController.h */ = {isa = PBXFileReference; lastKnownFileType = sourcecode.c.h; path = JGEssenceController.h; sourceTree = "<group>"; };
		3F17BDCA20298B6A00B8E56F /* JGEssenceController.m */ = {isa = PBXFileReference; lastKnownFileType = sourcecode.c.objc; path = JGEssenceController.m; sourceTree = "<group>"; };
		3F17BDCC20298B7E00B8E56F /* JGFriendTrendController.h */ = {isa = PBXFileReference; lastKnownFileType = sourcecode.c.h; path = JGFriendTrendController.h; sourceTree = "<group>"; };
		3F17BDCD20298B7E00B8E56F /* JGFriendTrendController.m */ = {isa = PBXFileReference; lastKnownFileType = sourcecode.c.objc; path = JGFriendTrendController.m; sourceTree = "<group>"; };
		3F17BDCF20298B9C00B8E56F /* JGMeController.h */ = {isa = PBXFileReference; lastKnownFileType = sourcecode.c.h; path = JGMeController.h; sourceTree = "<group>"; };
		3F17BDD020298B9C00B8E56F /* JGMeController.m */ = {isa = PBXFileReference; lastKnownFileType = sourcecode.c.objc; path = JGMeController.m; sourceTree = "<group>"; };
		3F17BDD220298BC100B8E56F /* JGNewController.h */ = {isa = PBXFileReference; lastKnownFileType = sourcecode.c.h; path = JGNewController.h; sourceTree = "<group>"; };
		3F17BDD320298BC100B8E56F /* JGNewController.m */ = {isa = PBXFileReference; lastKnownFileType = sourcecode.c.objc; path = JGNewController.m; sourceTree = "<group>"; };
		3F17BDD5202991F300B8E56F /* JGPubilcController.h */ = {isa = PBXFileReference; lastKnownFileType = sourcecode.c.h; path = JGPubilcController.h; sourceTree = "<group>"; };
		3F17BDD6202991F300B8E56F /* JGPubilcController.m */ = {isa = PBXFileReference; lastKnownFileType = sourcecode.c.objc; path = JGPubilcController.m; sourceTree = "<group>"; };
		3F17BDDA2029994400B8E56F /* UIImage+JGRenderImage.h */ = {isa = PBXFileReference; lastKnownFileType = sourcecode.c.h; path = "UIImage+JGRenderImage.h"; sourceTree = "<group>"; };
		3F17BDDB2029994400B8E56F /* UIImage+JGRenderImage.m */ = {isa = PBXFileReference; lastKnownFileType = sourcecode.c.objc; path = "UIImage+JGRenderImage.m"; sourceTree = "<group>"; };
/* End PBXFileReference section */

/* Begin PBXFrameworksBuildPhase section */
		3F17BD8B2029866600B8E56F /* Frameworks */ = {
			isa = PBXFrameworksBuildPhase;
			buildActionMask = 2147483647;
			files = (
			);
			runOnlyForDeploymentPostprocessing = 0;
		};
/* End PBXFrameworksBuildPhase section */

/* Begin PBXGroup section */
		3F17BD852029866600B8E56F = {
			isa = PBXGroup;
			children = (
				3F17BD902029866600B8E56F /* BuDeJie */,
				3F17BD8F2029866600B8E56F /* Products */,
			);
			sourceTree = "<group>";
		};
		3F17BD8F2029866600B8E56F /* Products */ = {
			isa = PBXGroup;
			children = (
				3F17BD8E2029866600B8E56F /* BuDeJie.app */,
			);
			name = Products;
			sourceTree = "<group>";
		};
		3F17BD902029866600B8E56F /* BuDeJie */ = {
			isa = PBXGroup;
			children = (
				3F17BDA720298A0900B8E56F /* Classes */,
				3F17BD972029866600B8E56F /* Main.storyboard */,
				3F17BD9A2029866600B8E56F /* Assets.xcassets */,
				3F17BD9C2029866600B8E56F /* LaunchScreen.storyboard */,
				3F17BD9F2029866600B8E56F /* Info.plist */,
			);
			path = BuDeJie;
			sourceTree = "<group>";
		};
		3F17BDA720298A0900B8E56F /* Classes */ = {
			isa = PBXGroup;
			children = (
				3F17BDA820298A0900B8E56F /* Essence(精华) */,
				3F17BDAC20298A0900B8E56F /* FriendTrend(关注) */,
				3F17BDB020298A0900B8E56F /* Main(主要) */,
				3F17BDB420298A0900B8E56F /* Me */,
				3F17BDB820298A0900B8E56F /* New */,
				3F17BDBC20298A0900B8E56F /* Other */,
				3F17BDC020298A0900B8E56F /* Publish(发布) */,
			);
			path = Classes;
			sourceTree = "<group>";
		};
		3F17BDA820298A0900B8E56F /* Essence(精华) */ = {
			isa = PBXGroup;
			children = (
				3F17BDA920298A0900B8E56F /* controller */,
				3F17BDAA20298A0900B8E56F /* model */,
				3F17BDAB20298A0900B8E56F /* view */,
			);
			path = "Essence(精华)";
			sourceTree = "<group>";
		};
		3F17BDA920298A0900B8E56F /* controller */ = {
			isa = PBXGroup;
			children = (
				3F17BDC920298B6A00B8E56F /* JGEssenceController.h */,
				3F17BDCA20298B6A00B8E56F /* JGEssenceController.m */,
			);
			path = controller;
			sourceTree = "<group>";
		};
		3F17BDAA20298A0900B8E56F /* model */ = {
			isa = PBXGroup;
			children = (
			);
			path = model;
			sourceTree = "<group>";
		};
		3F17BDAB20298A0900B8E56F /* view */ = {
			isa = PBXGroup;
			children = (
			);
			path = view;
			sourceTree = "<group>";
		};
		3F17BDAC20298A0900B8E56F /* FriendTrend(关注) */ = {
			isa = PBXGroup;
			children = (
				3F17BDAD20298A0900B8E56F /* controller */,
				3F17BDAE20298A0900B8E56F /* model */,
				3F17BDAF20298A0900B8E56F /* view */,
			);
			path = "FriendTrend(关注)";
			sourceTree = "<group>";
		};
		3F17BDAD20298A0900B8E56F /* controller */ = {
			isa = PBXGroup;
			children = (
				3F17BDCC20298B7E00B8E56F /* JGFriendTrendController.h */,
				3F17BDCD20298B7E00B8E56F /* JGFriendTrendController.m */,
			);
			path = controller;
			sourceTree = "<group>";
		};
		3F17BDAE20298A0900B8E56F /* model */ = {
			isa = PBXGroup;
			children = (
			);
			path = model;
			sourceTree = "<group>";
		};
		3F17BDAF20298A0900B8E56F /* view */ = {
			isa = PBXGroup;
			children = (
			);
			path = view;
			sourceTree = "<group>";
		};
		3F17BDB020298A0900B8E56F /* Main(主要) */ = {
			isa = PBXGroup;
			children = (
				3F17BDB120298A0900B8E56F /* controller */,
				3F17BDB220298A0900B8E56F /* model */,
				3F17BDB320298A0900B8E56F /* view */,
			);
			path = "Main(主要)";
			sourceTree = "<group>";
		};
		3F17BDB120298A0900B8E56F /* controller */ = {
			isa = PBXGroup;
			children = (
				3F17BDC620298ACA00B8E56F /* JGTabBarViewController.h */,
				3F17BDC720298ACA00B8E56F /* JGTabBarViewController.m */,
			);
			path = controller;
			sourceTree = "<group>";
		};
		3F17BDB220298A0900B8E56F /* model */ = {
			isa = PBXGroup;
			children = (
			);
			path = model;
			sourceTree = "<group>";
		};
		3F17BDB320298A0900B8E56F /* view */ = {
			isa = PBXGroup;
			children = (
			);
			path = view;
			sourceTree = "<group>";
		};
		3F17BDB420298A0900B8E56F /* Me */ = {
			isa = PBXGroup;
			children = (
				3F17BDB520298A0900B8E56F /* controller */,
				3F17BDB620298A0900B8E56F /* model */,
				3F17BDB720298A0900B8E56F /* view */,
			);
			path = Me;
			sourceTree = "<group>";
		};
		3F17BDB520298A0900B8E56F /* controller */ = {
			isa = PBXGroup;
			children = (
				3F17BDCF20298B9C00B8E56F /* JGMeController.h */,
				3F17BDD020298B9C00B8E56F /* JGMeController.m */,
			);
			path = controller;
			sourceTree = "<group>";
		};
		3F17BDB620298A0900B8E56F /* model */ = {
			isa = PBXGroup;
			children = (
			);
			path = model;
			sourceTree = "<group>";
		};
		3F17BDB720298A0900B8E56F /* view */ = {
			isa = PBXGroup;
			children = (
			);
			path = view;
			sourceTree = "<group>";
		};
		3F17BDB820298A0900B8E56F /* New */ = {
			isa = PBXGroup;
			children = (
				3F17BDB920298A0900B8E56F /* controller */,
				3F17BDBA20298A0900B8E56F /* model */,
				3F17BDBB20298A0900B8E56F /* view */,
			);
			path = New;
			sourceTree = "<group>";
		};
		3F17BDB920298A0900B8E56F /* controller */ = {
			isa = PBXGroup;
			children = (
				3F17BDD220298BC100B8E56F /* JGNewController.h */,
				3F17BDD320298BC100B8E56F /* JGNewController.m */,
			);
			path = controller;
			sourceTree = "<group>";
		};
		3F17BDBA20298A0900B8E56F /* model */ = {
			isa = PBXGroup;
			children = (
			);
			path = model;
			sourceTree = "<group>";
		};
		3F17BDBB20298A0900B8E56F /* view */ = {
			isa = PBXGroup;
			children = (
			);
			path = view;
			sourceTree = "<group>";
		};
		3F17BDBC20298A0900B8E56F /* Other */ = {
			isa = PBXGroup;
			children = (
				3F17BDD9202998A100B8E56F /* catagory */,
				3F17BDBD20298A0900B8E56F /* AppDelegate.h */,
				3F17BDBE20298A0900B8E56F /* AppDelegate.m */,
				3F17BDBF20298A0900B8E56F /* main.m */,
			);
			path = Other;
			sourceTree = "<group>";
		};
		3F17BDC020298A0900B8E56F /* Publish(发布) */ = {
			isa = PBXGroup;
			children = (
				3F17BDC120298A0900B8E56F /* controller */,
				3F17BDC220298A0900B8E56F /* model */,
				3F17BDC320298A0900B8E56F /* view */,
			);
			path = "Publish(发布)";
			sourceTree = "<group>";
		};
		3F17BDC120298A0900B8E56F /* controller */ = {
			isa = PBXGroup;
			children = (
				3F17BDD5202991F300B8E56F /* JGPubilcController.h */,
				3F17BDD6202991F300B8E56F /* JGPubilcController.m */,
			);
			path = controller;
			sourceTree = "<group>";
		};
		3F17BDC220298A0900B8E56F /* model */ = {
			isa = PBXGroup;
			children = (
			);
			path = model;
			sourceTree = "<group>";
		};
		3F17BDC320298A0900B8E56F /* view */ = {
			isa = PBXGroup;
			children = (
			);
			path = view;
			sourceTree = "<group>";
		};
		3F17BDD9202998A100B8E56F /* catagory */ = {
			isa = PBXGroup;
			children = (
				3F17BDDA2029994400B8E56F /* UIImage+JGRenderImage.h */,
				3F17BDDB2029994400B8E56F /* UIImage+JGRenderImage.m */,
			);
			path = catagory;
			sourceTree = "<group>";
		};
/* End PBXGroup section */

/* Begin PBXNativeTarget section */
		3F17BD8D2029866600B8E56F /* BuDeJie */ = {
			isa = PBXNativeTarget;
			buildConfigurationList = 3F17BDA42029866600B8E56F /* Build configuration list for PBXNativeTarget "BuDeJie" */;
			buildPhases = (
				3F17BD8A2029866600B8E56F /* Sources */,
				3F17BD8B2029866600B8E56F /* Frameworks */,
				3F17BD8C2029866600B8E56F /* Resources */,
			);
			buildRules = (
			);
			dependencies = (
			);
			name = BuDeJie;
			productName = BuDeJie;
			productReference = 3F17BD8E2029866600B8E56F /* BuDeJie.app */;
			productType = "com.apple.product-type.application";
		};
/* End PBXNativeTarget section */

/* Begin PBXProject section */
		3F17BD862029866600B8E56F /* Project object */ = {
			isa = PBXProject;
			attributes = {
				CLASSPREFIX = JG;
				LastUpgradeCheck = 0910;
				ORGANIZATIONNAME = gjg;
				TargetAttributes = {
					3F17BD8D2029866600B8E56F = {
						CreatedOnToolsVersion = 9.1;
						ProvisioningStyle = Automatic;
					};
				};
			};
			buildConfigurationList = 3F17BD892029866600B8E56F /* Build configuration list for PBXProject "BuDeJie" */;
			compatibilityVersion = "Xcode 8.0";
			developmentRegion = en;
			hasScannedForEncodings = 0;
			knownRegions = (
				en,
				Base,
			);
			mainGroup = 3F17BD852029866600B8E56F;
			productRefGroup = 3F17BD8F2029866600B8E56F /* Products */;
			projectDirPath = "";
			projectRoot = "";
			targets = (
				3F17BD8D2029866600B8E56F /* BuDeJie */,
			);
		};
/* End PBXProject section */

/* Begin PBXResourcesBuildPhase section */
		3F17BD8C2029866600B8E56F /* Resources */ = {
			isa = PBXResourcesBuildPhase;
			buildActionMask = 2147483647;
			files = (
				3F17BD9E2029866600B8E56F /* LaunchScreen.storyboard in Resources */,
				3F17BD9B2029866600B8E56F /* Assets.xcassets in Resources */,
				3F17BD992029866600B8E56F /* Main.storyboard in Resources */,
			);
			runOnlyForDeploymentPostprocessing = 0;
		};
/* End PBXResourcesBuildPhase section */

/* Begin PBXSourcesBuildPhase section */
		3F17BD8A2029866600B8E56F /* Sources */ = {
			isa = PBXSourcesBuildPhase;
			buildActionMask = 2147483647;
			files = (
				3F17BDDC2029994400B8E56F /* UIImage+JGRenderImage.m in Sources */,
				3F17BDC520298A0900B8E56F /* main.m in Sources */,
				3F17BDC820298ACA00B8E56F /* JGTabBarViewController.m in Sources */,
				3F17BDC420298A0900B8E56F /* AppDelegate.m in Sources */,
				3F17BDD7202991F300B8E56F /* JGPubilcController.m in Sources */,
				3F17BDCE20298B7E00B8E56F /* JGFriendTrendController.m in Sources */,
				3F17BDD120298B9C00B8E56F /* JGMeController.m in Sources */,
				3F17BDCB20298B6A00B8E56F /* JGEssenceController.m in Sources */,
				3F17BDD420298BC100B8E56F /* JGNewController.m in Sources */,
			);
			runOnlyForDeploymentPostprocessing = 0;
		};
/* End PBXSourcesBuildPhase section */

/* Begin PBXVariantGroup section */
		3F17BD972029866600B8E56F /* Main.storyboard */ = {
			isa = PBXVariantGroup;
			children = (
				3F17BD982029866600B8E56F /* Base */,
			);
			name = Main.storyboard;
			sourceTree = "<group>";
		};
		3F17BD9C2029866600B8E56F /* LaunchScreen.storyboard */ = {
			isa = PBXVariantGroup;
			children = (
				3F17BD9D2029866600B8E56F /* Base */,
			);
			name = LaunchScreen.storyboard;
			sourceTree = "<group>";
		};
/* End PBXVariantGroup section */

/* Begin XCBuildConfiguration section */
		3F17BDA22029866600B8E56F /* Debug */ = {
			isa = XCBuildConfiguration;
			buildSettings = {
				ALWAYS_SEARCH_USER_PATHS = NO;
				CLANG_ANALYZER_NONNULL = YES;
				CLANG_ANALYZER_NUMBER_OBJECT_CONVERSION = YES_AGGRESSIVE;
				CLANG_CXX_LANGUAGE_STANDARD = "gnu++14";
				CLANG_CXX_LIBRARY = "libc++";
				CLANG_ENABLE_MODULES = YES;
				CLANG_ENABLE_OBJC_ARC = YES;
				CLANG_WARN_BLOCK_CAPTURE_AUTORELEASING = YES;
				CLANG_WARN_BOOL_CONVERSION = YES;
				CLANG_WARN_COMMA = YES;
				CLANG_WARN_CONSTANT_CONVERSION = YES;
				CLANG_WARN_DIRECT_OBJC_ISA_USAGE = YES_ERROR;
				CLANG_WARN_DOCUMENTATION_COMMENTS = YES;
				CLANG_WARN_EMPTY_BODY = YES;
				CLANG_WARN_ENUM_CONVERSION = YES;
				CLANG_WARN_INFINITE_RECURSION = YES;
				CLANG_WARN_INT_CONVERSION = YES;
				CLANG_WARN_NON_LITERAL_NULL_CONVERSION = YES;
				CLANG_WARN_OBJC_LITERAL_CONVERSION = YES;
				CLANG_WARN_OBJC_ROOT_CLASS = YES_ERROR;
				CLANG_WARN_RANGE_LOOP_ANALYSIS = YES;
				CLANG_WARN_STRICT_PROTOTYPES = YES;
				CLANG_WARN_SUSPICIOUS_MOVE = YES;
				CLANG_WARN_UNGUARDED_AVAILABILITY = YES_AGGRESSIVE;
				CLANG_WARN_UNREACHABLE_CODE = YES;
				CLANG_WARN__DUPLICATE_METHOD_MATCH = YES;
				CODE_SIGN_IDENTITY = "iPhone Developer";
				COPY_PHASE_STRIP = NO;
				DEBUG_INFORMATION_FORMAT = dwarf;
				ENABLE_STRICT_OBJC_MSGSEND = YES;
				ENABLE_TESTABILITY = YES;
				GCC_C_LANGUAGE_STANDARD = gnu11;
				GCC_DYNAMIC_NO_PIC = NO;
				GCC_NO_COMMON_BLOCKS = YES;
				GCC_OPTIMIZATION_LEVEL = 0;
				GCC_PREPROCESSOR_DEFINITIONS = (
					"DEBUG=1",
					"$(inherited)",
				);
				GCC_WARN_64_TO_32_BIT_CONVERSION = YES;
				GCC_WARN_ABOUT_RETURN_TYPE = YES_ERROR;
				GCC_WARN_UNDECLARED_SELECTOR = YES;
				GCC_WARN_UNINITIALIZED_AUTOS = YES_AGGRESSIVE;
				GCC_WARN_UNUSED_FUNCTION = YES;
				GCC_WARN_UNUSED_VARIABLE = YES;
				IPHONEOS_DEPLOYMENT_TARGET = 11.1;
				MTL_ENABLE_DEBUG_INFO = YES;
				ONLY_ACTIVE_ARCH = YES;
				SDKROOT = iphoneos;
			};
			name = Debug;
		};
		3F17BDA32029866600B8E56F /* Release */ = {
			isa = XCBuildConfiguration;
			buildSettings = {
				ALWAYS_SEARCH_USER_PATHS = NO;
				CLANG_ANALYZER_NONNULL = YES;
				CLANG_ANALYZER_NUMBER_OBJECT_CONVERSION = YES_AGGRESSIVE;
				CLANG_CXX_LANGUAGE_STANDARD = "gnu++14";
				CLANG_CXX_LIBRARY = "libc++";
				CLANG_ENABLE_MODULES = YES;
				CLANG_ENABLE_OBJC_ARC = YES;
				CLANG_WARN_BLOCK_CAPTURE_AUTORELEASING = YES;
				CLANG_WARN_BOOL_CONVERSION = YES;
				CLANG_WARN_COMMA = YES;
				CLANG_WARN_CONSTANT_CONVERSION = YES;
				CLANG_WARN_DIRECT_OBJC_ISA_USAGE = YES_ERROR;
				CLANG_WARN_DOCUMENTATION_COMMENTS = YES;
				CLANG_WARN_EMPTY_BODY = YES;
				CLANG_WARN_ENUM_CONVERSION = YES;
				CLANG_WARN_INFINITE_RECURSION = YES;
				CLANG_WARN_INT_CONVERSION = YES;
				CLANG_WARN_NON_LITERAL_NULL_CONVERSION = YES;
				CLANG_WARN_OBJC_LITERAL_CONVERSION = YES;
				CLANG_WARN_OBJC_ROOT_CLASS = YES_ERROR;
				CLANG_WARN_RANGE_LOOP_ANALYSIS = YES;
				CLANG_WARN_STRICT_PROTOTYPES = YES;
				CLANG_WARN_SUSPICIOUS_MOVE = YES;
				CLANG_WARN_UNGUARDED_AVAILABILITY = YES_AGGRESSIVE;
				CLANG_WARN_UNREACHABLE_CODE = YES;
				CLANG_WARN__DUPLICATE_METHOD_MATCH = YES;
				CODE_SIGN_IDENTITY = "iPhone Developer";
				COPY_PHASE_STRIP = NO;
				DEBUG_INFORMATION_FORMAT = "dwarf-with-dsym";
				ENABLE_NS_ASSERTIONS = NO;
				ENABLE_STRICT_OBJC_MSGSEND = YES;
				GCC_C_LANGUAGE_STANDARD = gnu11;
				GCC_NO_COMMON_BLOCKS = YES;
				GCC_WARN_64_TO_32_BIT_CONVERSION = YES;
				GCC_WARN_ABOUT_RETURN_TYPE = YES_ERROR;
				GCC_WARN_UNDECLARED_SELECTOR = YES;
				GCC_WARN_UNINITIALIZED_AUTOS = YES_AGGRESSIVE;
				GCC_WARN_UNUSED_FUNCTION = YES;
				GCC_WARN_UNUSED_VARIABLE = YES;
				IPHONEOS_DEPLOYMENT_TARGET = 11.1;
				MTL_ENABLE_DEBUG_INFO = NO;
				SDKROOT = iphoneos;
				VALIDATE_PRODUCT = YES;
			};
			name = Release;
		};
		3F17BDA52029866600B8E56F /* Debug */ = {
			isa = XCBuildConfiguration;
			buildSettings = {
				ASSETCATALOG_COMPILER_APPICON_NAME = AppIcon;
				ASSETCATALOG_COMPILER_LAUNCHIMAGE_NAME = "Brand Assets";
				CODE_SIGN_STYLE = Automatic;
				DEVELOPMENT_TEAM = DL8J4DD62Z;
				INFOPLIST_FILE = BuDeJie/Info.plist;
				LD_RUNPATH_SEARCH_PATHS = "$(inherited) @executable_path/Frameworks";
				PRODUCT_BUNDLE_IDENTIFIER = com.guojigang.BuDeJie;
				PRODUCT_NAME = "$(TARGET_NAME)";
				TARGETED_DEVICE_FAMILY = "1,2";
			};
			name = Debug;
		};
		3F17BDA62029866600B8E56F /* Release */ = {
			isa = XCBuildConfiguration;
			buildSettings = {
				ASSETCATALOG_COMPILER_APPICON_NAME = AppIcon;
				ASSETCATALOG_COMPILER_LAUNCHIMAGE_NAME = "Brand Assets";
				CODE_SIGN_STYLE = Automatic;
				DEVELOPMENT_TEAM = DL8J4DD62Z;
				INFOPLIST_FILE = BuDeJie/Info.plist;
				LD_RUNPATH_SEARCH_PATHS = "$(inherited) @executable_path/Frameworks";
				PRODUCT_BUNDLE_IDENTIFIER = com.guojigang.BuDeJie;
				PRODUCT_NAME = "$(TARGET_NAME)";
				TARGETED_DEVICE_FAMILY = "1,2";
			};
			name = Release;
		};
/* End XCBuildConfiguration section */

/* Begin XCConfigurationList section */
		3F17BD892029866600B8E56F /* Build configuration list for PBXProject "BuDeJie" */ = {
			isa = XCConfigurationList;
			buildConfigurations = (
				3F17BDA22029866600B8E56F /* Debug */,
				3F17BDA32029866600B8E56F /* Release */,
			);
			defaultConfigurationIsVisible = 0;
			defaultConfigurationName = Release;
		};
		3F17BDA42029866600B8E56F /* Build configuration list for PBXNativeTarget "BuDeJie" */ = {
			isa = XCConfigurationList;
			buildConfigurations = (
				3F17BDA52029866600B8E56F /* Debug */,
				3F17BDA62029866600B8E56F /* Release */,
			);
			defaultConfigurationIsVisible = 0;
			defaultConfigurationName = Release;
		};
/* End XCConfigurationList section */
	};
	rootObject = 3F17BD862029866600B8E56F /* Project object */;
}
